
Microsoft Visual Studio Solution File, Format Version 12.00
# Visual Studio Version 16
VisualStudioVersion = 16.0.30717.126
MinimumVisualStudioVersion = 10.0.40219.1
Project("{9A19103F-16F7-4668-BE54-9A1E7A4F7556}") = "ZipCompressor", "ZipCompressor\ZipCompressor.csproj", "{3DA0F533-F9E0-47C5-915A-4253E31AD70F}"
EndProject
Project("{FAE04EC0-301F-11D3-BF4B-00C04F79EFBC}") = "ZipCompressorTests", "ZipCompressorTests\ZipCompressorTests.csproj", "{C4F380EF-771A-4712-8C98-80890B9006D4}"
EndProject
Global
	GlobalSection(SolutionConfigurationPlatforms) = preSolution
		Debug|Any CPU = Debug|Any CPU
		Release|Any CPU = Release|Any CPU
	EndGlobalSection
	GlobalSection(ProjectConfigurationPlatforms) = postSolution
		{3DA0F533-F9E0-47C5-915A-4253E31AD70F}.Debug|Any CPU.ActiveCfg = Debug|Any CPU
		{3DA0F533-F9E0-47C5-915A-4253E31AD70F}.Debug|Any CPU.Build.0 = Debug|Any CPU
		{3DA0F533-F9E0-47C5-915A-4253E31AD70F}.Release|Any CPU.ActiveCfg = Release|Any CPU
		{3DA0F533-F9E0-47C5-915A-4253E31AD70F}.Release|Any CPU.Build.0 = Release|Any CPU
		{C4F380EF-771A-4712-8C98-80890B9006D4}.Debug|Any CPU.ActiveCfg = Debug|Any CPU
		{C4F380EF-771A-4712-8C98-80890B9006D4}.Debug|Any CPU.Build.0 = Debug|Any CPU
		{C4F380EF-771A-4712-8C98-80890B9006D4}.Release|Any CPU.ActiveCfg = Release|Any CPU
		{C4F380EF-771A-4712-8C98-80890B9006D4}.Release|Any CPU.Build.0 = Release|Any CPU
	EndGlobalSection
	GlobalSection(SolutionProperties) = preSolution
		HideSolutionNode = FALSE
	EndGlobalSection
	GlobalSection(ExtensibilityGlobals) = postSolution
		SolutionGuid = {128C4E70-C5CD-4D9F-BC70-8655D3686638}
	EndGlobalSection
EndGlobal
